
Microsoft Visual Studio Solution File, Format Version 12.00
# Visual Studio Version 16
VisualStudioVersion = 16.0.30011.22
MinimumVisualStudioVersion = 10.0.40219.1
Project("{FAE04EC0-301F-11D3-BF4B-00C04F79EFBC}") = "ConsoleApp2", "ConsoleApp2\ConsoleApp2.csproj", "{F7BE78D9-8A61-4FB6-8484-172660C48B64}"
EndProject
Global
	GlobalSection(SolutionConfigurationPlatforms) = preSolution
		Debug|Any CPU = Debug|Any CPU
		Release|Any CPU = Release|Any CPU
	EndGlobalSection
	GlobalSection(ProjectConfigurationPlatforms) = postSolution
		{F7BE78D9-8A61-4FB6-8484-172660C48B64}.Debug|Any CPU.ActiveCfg = Debug|Any CPU
		{F7BE78D9-8A61-4FB6-8484-172660C48B64}.Debug|Any CPU.Build.0 = Debug|Any CPU
		{F7BE78D9-8A61-4FB6-8484-172660C48B64}.Release|Any CPU.ActiveCfg = Release|Any CPU
		{F7BE78D9-8A61-4FB6-8484-172660C48B64}.Release|Any CPU.Build.0 = Release|Any CPU
	EndGlobalSection
	GlobalSection(SolutionProperties) = preSolution
		HideSolutionNode = FALSE
	EndGlobalSection
	GlobalSection(ExtensibilityGlobals) = postSolution
		SolutionGuid = {84D1A600-1D39-485E-8444-699C9F4C3323}
	EndGlobalSection
EndGlobal
